
Microsoft Visual Studio Solution File, Format Version 12.00
# Visual Studio Version 17
VisualStudioVersion = 17.3.32901.215
MinimumVisualStudioVersion = 10.0.40219.1
Project("{9A19103F-16F7-4668-BE54-9A1E7A4F7556}") = "IdentityServer", "IdentityServer\IdentityServer.csproj", "{4B67A18F-B9F1-4A94-8EF2-E2666C40B7C7}"
EndProject
Project("{2150E333-8FDC-42A3-9474-1A3956D46DE8}") = "API_Start", "API_Start", "{635F22B7-81FA-4F6F-8167-848247D1DB10}"
EndProject
Project("{9A19103F-16F7-4668-BE54-9A1E7A4F7556}") = "CompanyEmployees", "identity-server-4-aspnetcore\Start\Web Api\CompanyEmployees\CompanyEmployees\CompanyEmployees.csproj", "{201D3C7A-1C5F-4BB3-8110-1E11CCA60715}"
EndProject
Project("{9A19103F-16F7-4668-BE54-9A1E7A4F7556}") = "Contracts", "identity-server-4-aspnetcore\Start\Web Api\CompanyEmployees\Contracts\Contracts.csproj", "{7C17D7F7-18B5-4C8F-A964-8FAA320F7EAB}"
EndProject
Project("{9A19103F-16F7-4668-BE54-9A1E7A4F7556}") = "Entities", "identity-server-4-aspnetcore\Start\Web Api\CompanyEmployees\Entities\Entities.csproj", "{2781696B-9935-49FA-B65C-83CC9BE9394E}"
EndProject
Project("{9A19103F-16F7-4668-BE54-9A1E7A4F7556}") = "LoggerService", "identity-server-4-aspnetcore\Start\Web Api\CompanyEmployees\LoggerService\LoggerService.csproj", "{18A4DA92-9752-415A-BC1F-83F2C81B988D}"
EndProject
Project("{9A19103F-16F7-4668-BE54-9A1E7A4F7556}") = "Repository", "identity-server-4-aspnetcore\Start\Web Api\CompanyEmployees\Repository\Repository.csproj", "{9186D5F2-CC0F-4C7D-A918-5C8A39AD19B4}"
EndProject
Project("{9A19103F-16F7-4668-BE54-9A1E7A4F7556}") = "APIClient", "APIClient\APIClient.csproj", "{9C728051-596A-4DC9-8542-0EE5F9FAC93C}"
EndProject
Project("{2150E333-8FDC-42A3-9474-1A3956D46DE8}") = "API_End", "API_End", "{F7030B41-5EE4-46B2-B06B-4AB96BE63ABC}"
EndProject
Project("{9A19103F-16F7-4668-BE54-9A1E7A4F7556}") = "CompanyEmployees", "identity-server-4-aspnetcore\End\Web Api\CompanyEmployees\CompanyEmployees\CompanyEmployees.csproj", "{319D2A32-9B2A-46B2-A2D8-ED5E06F79170}"
EndProject
Project("{9A19103F-16F7-4668-BE54-9A1E7A4F7556}") = "Contracts", "identity-server-4-aspnetcore\End\Web Api\CompanyEmployees\Contracts\Contracts.csproj", "{E22E23D1-F31A-4830-A970-76481D7244A5}"
EndProject
Project("{9A19103F-16F7-4668-BE54-9A1E7A4F7556}") = "Entities", "identity-server-4-aspnetcore\End\Web Api\CompanyEmployees\Entities\Entities.csproj", "{52B29C8B-D8E5-49BE-86DE-CF493C6680CF}"
EndProject
Project("{9A19103F-16F7-4668-BE54-9A1E7A4F7556}") = "LoggerService", "identity-server-4-aspnetcore\End\Web Api\CompanyEmployees\LoggerService\LoggerService.csproj", "{A2BA1CCB-878B-4B37-85AE-386721743C38}"
EndProject
Project("{9A19103F-16F7-4668-BE54-9A1E7A4F7556}") = "Repository", "identity-server-4-aspnetcore\End\Web Api\CompanyEmployees\Repository\Repository.csproj", "{33936A13-2C8B-423C-961C-9F448F880DF8}"
EndProject
Project("{2150E333-8FDC-42A3-9474-1A3956D46DE8}") = "API_Clone", "API_Clone", "{682D6F08-C5AC-4463-A655-D8538D5FBDC0}"
EndProject
Project("{9A19103F-16F7-4668-BE54-9A1E7A4F7556}") = "DAL", "DAL\DAL.csproj", "{C4B04637-3EA3-49FD-8C62-1D263B0D49DE}"
EndProject
Project("{9A19103F-16F7-4668-BE54-9A1E7A4F7556}") = "BLL", "BLL\BLL.csproj", "{B20E6552-0E62-44A2-88A5-331E7BDD80DE}"
EndProject
Project("{9A19103F-16F7-4668-BE54-9A1E7A4F7556}") = "CompanyEmployees.Client", "identity-server-4-aspnetcore\End\CompanyEmployees.Client\CompanyEmployees.Client\CompanyEmployees.Client.csproj", "{FF122E94-5178-49F9-A199-1547AE0EADAD}"
EndProject
Project("{2150E333-8FDC-42A3-9474-1A3956D46DE8}") = "Client_Clone", "Client_Clone", "{E171B90C-C22E-4110-840D-8A9AB21B2E52}"
EndProject
Project("{9A19103F-16F7-4668-BE54-9A1E7A4F7556}") = "ClientMVC", "ClientMVC\ClientMVC.csproj", "{EA146529-68EA-45E8-9D55-D538C09766F3}"
EndProject
Project("{9A19103F-16F7-4668-BE54-9A1E7A4F7556}") = "CompanyEmployees.Client", "identity-server-4-aspnetcore\CompanyEmployees.Client\CompanyEmployees.Client\CompanyEmployees.Client.csproj", "{6081BEFB-B6DD-4A40-8B85-C3F9377F2044}"
EndProject
Project("{9A19103F-16F7-4668-BE54-9A1E7A4F7556}") = "CompanyEmployees.OAuth", "identity-server-4-aspnetcore\CompanyEmployees.OAuth\CompanyEmployees.OAuth\CompanyEmployees.OAuth.csproj", "{EE21643F-4E47-4C45-B4A5-91BF7739054C}"
EndProject
Global
	GlobalSection(SolutionConfigurationPlatforms) = preSolution
		Debug|Any CPU = Debug|Any CPU
		Release|Any CPU = Release|Any CPU
	EndGlobalSection
	GlobalSection(ProjectConfigurationPlatforms) = postSolution
		{4B67A18F-B9F1-4A94-8EF2-E2666C40B7C7}.Debug|Any CPU.ActiveCfg = Debug|Any CPU
		{4B67A18F-B9F1-4A94-8EF2-E2666C40B7C7}.Debug|Any CPU.Build.0 = Debug|Any CPU
		{4B67A18F-B9F1-4A94-8EF2-E2666C40B7C7}.Release|Any CPU.ActiveCfg = Release|Any CPU
		{4B67A18F-B9F1-4A94-8EF2-E2666C40B7C7}.Release|Any CPU.Build.0 = Release|Any CPU
		{201D3C7A-1C5F-4BB3-8110-1E11CCA60715}.Debug|Any CPU.ActiveCfg = Debug|Any CPU
		{201D3C7A-1C5F-4BB3-8110-1E11CCA60715}.Debug|Any CPU.Build.0 = Debug|Any CPU
		{201D3C7A-1C5F-4BB3-8110-1E11CCA60715}.Release|Any CPU.ActiveCfg = Release|Any CPU
		{201D3C7A-1C5F-4BB3-8110-1E11CCA60715}.Release|Any CPU.Build.0 = Release|Any CPU
		{7C17D7F7-18B5-4C8F-A964-8FAA320F7EAB}.Debug|Any CPU.ActiveCfg = Debug|Any CPU
		{7C17D7F7-18B5-4C8F-A964-8FAA320F7EAB}.Debug|Any CPU.Build.0 = Debug|Any CPU
		{7C17D7F7-18B5-4C8F-A964-8FAA320F7EAB}.Release|Any CPU.ActiveCfg = Release|Any CPU
		{7C17D7F7-18B5-4C8F-A964-8FAA320F7EAB}.Release|Any CPU.Build.0 = Release|Any CPU
		{2781696B-9935-49FA-B65C-83CC9BE9394E}.Debug|Any CPU.ActiveCfg = Debug|Any CPU
		{2781696B-9935-49FA-B65C-83CC9BE9394E}.Debug|Any CPU.Build.0 = Debug|Any CPU
		{2781696B-9935-49FA-B65C-83CC9BE9394E}.Release|Any CPU.ActiveCfg = Release|Any CPU
		{2781696B-9935-49FA-B65C-83CC9BE9394E}.Release|Any CPU.Build.0 = Release|Any CPU
		{18A4DA92-9752-415A-BC1F-83F2C81B988D}.Debug|Any CPU.ActiveCfg = Debug|Any CPU
		{18A4DA92-9752-415A-BC1F-83F2C81B988D}.Debug|Any CPU.Build.0 = Debug|Any CPU
		{18A4DA92-9752-415A-BC1F-83F2C81B988D}.Release|Any CPU.ActiveCfg = Release|Any CPU
		{18A4DA92-9752-415A-BC1F-83F2C81B988D}.Release|Any CPU.Build.0 = Release|Any CPU
		{9186D5F2-CC0F-4C7D-A918-5C8A39AD19B4}.Debug|Any CPU.ActiveCfg = Debug|Any CPU
		{9186D5F2-CC0F-4C7D-A918-5C8A39AD19B4}.Debug|Any CPU.Build.0 = Debug|Any CPU
		{9186D5F2-CC0F-4C7D-A918-5C8A39AD19B4}.Release|Any CPU.ActiveCfg = Release|Any CPU
		{9186D5F2-CC0F-4C7D-A918-5C8A39AD19B4}.Release|Any CPU.Build.0 = Release|Any CPU
		{9C728051-596A-4DC9-8542-0EE5F9FAC93C}.Debug|Any CPU.ActiveCfg = Debug|Any CPU
		{9C728051-596A-4DC9-8542-0EE5F9FAC93C}.Debug|Any CPU.Build.0 = Debug|Any CPU
		{9C728051-596A-4DC9-8542-0EE5F9FAC93C}.Release|Any CPU.ActiveCfg = Release|Any CPU
		{9C728051-596A-4DC9-8542-0EE5F9FAC93C}.Release|Any CPU.Build.0 = Release|Any CPU
		{319D2A32-9B2A-46B2-A2D8-ED5E06F79170}.Debug|Any CPU.ActiveCfg = Debug|Any CPU
		{319D2A32-9B2A-46B2-A2D8-ED5E06F79170}.Debug|Any CPU.Build.0 = Debug|Any CPU
		{319D2A32-9B2A-46B2-A2D8-ED5E06F79170}.Release|Any CPU.ActiveCfg = Release|Any CPU
		{319D2A32-9B2A-46B2-A2D8-ED5E06F79170}.Release|Any CPU.Build.0 = Release|Any CPU
		{E22E23D1-F31A-4830-A970-76481D7244A5}.Debug|Any CPU.ActiveCfg = Debug|Any CPU
		{E22E23D1-F31A-4830-A970-76481D7244A5}.Debug|Any CPU.Build.0 = Debug|Any CPU
		{E22E23D1-F31A-4830-A970-76481D7244A5}.Release|Any CPU.ActiveCfg = Release|Any CPU
		{E22E23D1-F31A-4830-A970-76481D7244A5}.Release|Any CPU.Build.0 = Release|Any CPU
		{52B29C8B-D8E5-49BE-86DE-CF493C6680CF}.Debug|Any CPU.ActiveCfg = Debug|Any CPU
		{52B29C8B-D8E5-49BE-86DE-CF493C6680CF}.Debug|Any CPU.Build.0 = Debug|Any CPU
		{52B29C8B-D8E5-49BE-86DE-CF493C6680CF}.Release|Any CPU.ActiveCfg = Release|Any CPU
		{52B29C8B-D8E5-49BE-86DE-CF493C6680CF}.Release|Any CPU.Build.0 = Release|Any CPU
		{A2BA1CCB-878B-4B37-85AE-386721743C38}.Debug|Any CPU.ActiveCfg = Debug|Any CPU
		{A2BA1CCB-878B-4B37-85AE-386721743C38}.Debug|Any CPU.Build.0 = Debug|Any CPU
		{A2BA1CCB-878B-4B37-85AE-386721743C38}.Release|Any CPU.ActiveCfg = Release|Any CPU
		{A2BA1CCB-878B-4B37-85AE-386721743C38}.Release|Any CPU.Build.0 = Release|Any CPU
		{33936A13-2C8B-423C-961C-9F448F880DF8}.Debug|Any CPU.ActiveCfg = Debug|Any CPU
		{33936A13-2C8B-423C-961C-9F448F880DF8}.Debug|Any CPU.Build.0 = Debug|Any CPU
		{33936A13-2C8B-423C-961C-9F448F880DF8}.Release|Any CPU.ActiveCfg = Release|Any CPU
		{33936A13-2C8B-423C-961C-9F448F880DF8}.Release|Any CPU.Build.0 = Release|Any CPU
		{C4B04637-3EA3-49FD-8C62-1D263B0D49DE}.Debug|Any CPU.ActiveCfg = Debug|Any CPU
		{C4B04637-3EA3-49FD-8C62-1D263B0D49DE}.Debug|Any CPU.Build.0 = Debug|Any CPU
		{C4B04637-3EA3-49FD-8C62-1D263B0D49DE}.Release|Any CPU.ActiveCfg = Release|Any CPU
		{C4B04637-3EA3-49FD-8C62-1D263B0D49DE}.Release|Any CPU.Build.0 = Release|Any CPU
		{B20E6552-0E62-44A2-88A5-331E7BDD80DE}.Debug|Any CPU.ActiveCfg = Debug|Any CPU
		{B20E6552-0E62-44A2-88A5-331E7BDD80DE}.Debug|Any CPU.Build.0 = Debug|Any CPU
		{B20E6552-0E62-44A2-88A5-331E7BDD80DE}.Release|Any CPU.ActiveCfg = Release|Any CPU
		{B20E6552-0E62-44A2-88A5-331E7BDD80DE}.Release|Any CPU.Build.0 = Release|Any CPU
		{FF122E94-5178-49F9-A199-1547AE0EADAD}.Debug|Any CPU.ActiveCfg = Debug|Any CPU
		{FF122E94-5178-49F9-A199-1547AE0EADAD}.Debug|Any CPU.Build.0 = Debug|Any CPU
		{FF122E94-5178-49F9-A199-1547AE0EADAD}.Release|Any CPU.ActiveCfg = Release|Any CPU
		{FF122E94-5178-49F9-A199-1547AE0EADAD}.Release|Any CPU.Build.0 = Release|Any CPU
		{EA146529-68EA-45E8-9D55-D538C09766F3}.Debug|Any CPU.ActiveCfg = Debug|Any CPU
		{EA146529-68EA-45E8-9D55-D538C09766F3}.Debug|Any CPU.Build.0 = Debug|Any CPU
		{EA146529-68EA-45E8-9D55-D538C09766F3}.Release|Any CPU.ActiveCfg = Release|Any CPU
		{EA146529-68EA-45E8-9D55-D538C09766F3}.Release|Any CPU.Build.0 = Release|Any CPU
		{6081BEFB-B6DD-4A40-8B85-C3F9377F2044}.Debug|Any CPU.ActiveCfg = Debug|Any CPU
		{6081BEFB-B6DD-4A40-8B85-C3F9377F2044}.Debug|Any CPU.Build.0 = Debug|Any CPU
		{6081BEFB-B6DD-4A40-8B85-C3F9377F2044}.Release|Any CPU.ActiveCfg = Release|Any CPU
		{6081BEFB-B6DD-4A40-8B85-C3F9377F2044}.Release|Any CPU.Build.0 = Release|Any CPU
		{EE21643F-4E47-4C45-B4A5-91BF7739054C}.Debug|Any CPU.ActiveCfg = Debug|Any CPU
		{EE21643F-4E47-4C45-B4A5-91BF7739054C}.Debug|Any CPU.Build.0 = Debug|Any CPU
		{EE21643F-4E47-4C45-B4A5-91BF7739054C}.Release|Any CPU.ActiveCfg = Release|Any CPU
		{EE21643F-4E47-4C45-B4A5-91BF7739054C}.Release|Any CPU.Build.0 = Release|Any CPU
	EndGlobalSection
	GlobalSection(SolutionProperties) = preSolution
		HideSolutionNode = FALSE
	EndGlobalSection
	GlobalSection(NestedProjects) = preSolution
		{201D3C7A-1C5F-4BB3-8110-1E11CCA60715} = {635F22B7-81FA-4F6F-8167-848247D1DB10}
		{7C17D7F7-18B5-4C8F-A964-8FAA320F7EAB} = {635F22B7-81FA-4F6F-8167-848247D1DB10}
		{2781696B-9935-49FA-B65C-83CC9BE9394E} = {635F22B7-81FA-4F6F-8167-848247D1DB10}
		{18A4DA92-9752-415A-BC1F-83F2C81B988D} = {635F22B7-81FA-4F6F-8167-848247D1DB10}
		{9186D5F2-CC0F-4C7D-A918-5C8A39AD19B4} = {635F22B7-81FA-4F6F-8167-848247D1DB10}
		{9C728051-596A-4DC9-8542-0EE5F9FAC93C} = {682D6F08-C5AC-4463-A655-D8538D5FBDC0}
		{319D2A32-9B2A-46B2-A2D8-ED5E06F79170} = {F7030B41-5EE4-46B2-B06B-4AB96BE63ABC}
		{E22E23D1-F31A-4830-A970-76481D7244A5} = {F7030B41-5EE4-46B2-B06B-4AB96BE63ABC}
		{52B29C8B-D8E5-49BE-86DE-CF493C6680CF} = {F7030B41-5EE4-46B2-B06B-4AB96BE63ABC}
		{A2BA1CCB-878B-4B37-85AE-386721743C38} = {F7030B41-5EE4-46B2-B06B-4AB96BE63ABC}
		{33936A13-2C8B-423C-961C-9F448F880DF8} = {F7030B41-5EE4-46B2-B06B-4AB96BE63ABC}
		{C4B04637-3EA3-49FD-8C62-1D263B0D49DE} = {682D6F08-C5AC-4463-A655-D8538D5FBDC0}
		{B20E6552-0E62-44A2-88A5-331E7BDD80DE} = {682D6F08-C5AC-4463-A655-D8538D5FBDC0}
		{FF122E94-5178-49F9-A199-1547AE0EADAD} = {F7030B41-5EE4-46B2-B06B-4AB96BE63ABC}
		{EA146529-68EA-45E8-9D55-D538C09766F3} = {E171B90C-C22E-4110-840D-8A9AB21B2E52}
	EndGlobalSection
	GlobalSection(ExtensibilityGlobals) = postSolution
		SolutionGuid = {3B73B974-CFF8-4D77-911A-5980A72A5D23}
	EndGlobalSection
EndGlobal
